{
  "nodes": {
    "home-manager": {
      "inputs": {
        "nixpkgs": [
          "nixpkgs"
        ]
      },
      "locked": {
        "lastModified": 1639223729,
        "narHash": "sha256-C+OYsFVCNZwzQ4ShMBTJaFS489auGr42cDrceckKpXc=",
        "owner": "nix-community",
        "repo": "home-manager",
        "rev": "6fe3b539e057feadbf94e845412f4b438260690b",
        "type": "github"
      },
      "original": {
        "owner": "nix-community",
        "repo": "home-manager",
        "type": "github"
      }
    },
    "nixos-hardware": {
      "locked": {
        "lastModified": 1639240632,
        "narHash": "sha256-BAXhgnPOW1COIfZ9EOOFTdolalYS73MFHSRajgrSdZw=",
        "owner": "NixOS",
        "repo": "nixos-hardware",
        "rev": "2a7063461c3751d83869a2a0a8ebc59e34bec5b2",
        "type": "github"
      },
      "original": {
        "id": "nixos-hardware",
        "type": "indirect"
      }
    },
    "nixpkgs": {
      "locked": {
        "lastModified": 1638989658,
        "narHash": "sha256-CDThjXpq6GI6AeEhx8/Sk+uq10XO1Nz28bgSP1khNoA=",
        "owner": "NixOS",
        "repo": "nixpkgs",
        "rev": "bcb4b714bdddec94d88ff974f242cdb3f3308dac",
        "type": "github"
      },
      "original": {
        "id": "nixpkgs",
        "ref": "nixos-unstable",
        "type": "indirect"
      }
    },
    "root": {
      "inputs": {
        "home-manager": "home-manager",
        "nixos-hardware": "nixos-hardware",
        "nixpkgs": "nixpkgs"
      }
    }
  },
  "root": "root",
  "version": 7
}
